
Microsoft Visual Studio Solution File, Format Version 12.00
# Visual Studio 15
VisualStudioVersion = 15.0.28010.2046
MinimumVisualStudioVersion = 10.0.40219.1
Project("{FAE04EC0-301F-11D3-BF4B-00C04F79EFBC}") = "Common", "Common\Common.csproj", "{F8610AF9-A7C5-441F-9123-584CAB17ADA6}"
EndProject
Project("{FAE04EC0-301F-11D3-BF4B-00C04F79EFBC}") = "Test", "Test\Test.csproj", "{CBC10ECC-87E4-42FA-9D38-18E70CC2FE64}"
EndProject
Project("{FAE04EC0-301F-11D3-BF4B-00C04F79EFBC}") = "MyIBLL", "MyIBLL\MyIBLL.csproj", "{F203951C-4B3E-4045-9CAA-D44FCDFEDEBE}"
EndProject
Project("{FAE04EC0-301F-11D3-BF4B-00C04F79EFBC}") = "MyBLL", "MyBLL\MyBLL.csproj", "{8B222480-3E47-4E33-8A71-331F3645011D}"
EndProject
Project("{FAE04EC0-301F-11D3-BF4B-00C04F79EFBC}") = "Service", "Service\Service.csproj", "{07AD8B1F-1FB9-435F-B953-4B15CB7573F4}"
EndProject
Global
	GlobalSection(SolutionConfigurationPlatforms) = preSolution
		Debug|Any CPU = Debug|Any CPU
		Release|Any CPU = Release|Any CPU
	EndGlobalSection
	GlobalSection(ProjectConfigurationPlatforms) = postSolution
		{F8610AF9-A7C5-441F-9123-584CAB17ADA6}.Debug|Any CPU.ActiveCfg = Debug|Any CPU
		{F8610AF9-A7C5-441F-9123-584CAB17ADA6}.Debug|Any CPU.Build.0 = Debug|Any CPU
		{F8610AF9-A7C5-441F-9123-584CAB17ADA6}.Release|Any CPU.ActiveCfg = Release|Any CPU
		{F8610AF9-A7C5-441F-9123-584CAB17ADA6}.Release|Any CPU.Build.0 = Release|Any CPU
		{CBC10ECC-87E4-42FA-9D38-18E70CC2FE64}.Debug|Any CPU.ActiveCfg = Debug|Any CPU
		{CBC10ECC-87E4-42FA-9D38-18E70CC2FE64}.Debug|Any CPU.Build.0 = Debug|Any CPU
		{CBC10ECC-87E4-42FA-9D38-18E70CC2FE64}.Release|Any CPU.ActiveCfg = Release|Any CPU
		{CBC10ECC-87E4-42FA-9D38-18E70CC2FE64}.Release|Any CPU.Build.0 = Release|Any CPU
		{F203951C-4B3E-4045-9CAA-D44FCDFEDEBE}.Debug|Any CPU.ActiveCfg = Debug|Any CPU
		{F203951C-4B3E-4045-9CAA-D44FCDFEDEBE}.Debug|Any CPU.Build.0 = Debug|Any CPU
		{F203951C-4B3E-4045-9CAA-D44FCDFEDEBE}.Release|Any CPU.ActiveCfg = Release|Any CPU
		{F203951C-4B3E-4045-9CAA-D44FCDFEDEBE}.Release|Any CPU.Build.0 = Release|Any CPU
		{8B222480-3E47-4E33-8A71-331F3645011D}.Debug|Any CPU.ActiveCfg = Debug|Any CPU
		{8B222480-3E47-4E33-8A71-331F3645011D}.Debug|Any CPU.Build.0 = Debug|Any CPU
		{8B222480-3E47-4E33-8A71-331F3645011D}.Release|Any CPU.ActiveCfg = Release|Any CPU
		{8B222480-3E47-4E33-8A71-331F3645011D}.Release|Any CPU.Build.0 = Release|Any CPU
		{07AD8B1F-1FB9-435F-B953-4B15CB7573F4}.Debug|Any CPU.ActiveCfg = Debug|Any CPU
		{07AD8B1F-1FB9-435F-B953-4B15CB7573F4}.Debug|Any CPU.Build.0 = Debug|Any CPU
		{07AD8B1F-1FB9-435F-B953-4B15CB7573F4}.Release|Any CPU.ActiveCfg = Release|Any CPU
		{07AD8B1F-1FB9-435F-B953-4B15CB7573F4}.Release|Any CPU.Build.0 = Release|Any CPU
	EndGlobalSection
	GlobalSection(SolutionProperties) = preSolution
		HideSolutionNode = FALSE
	EndGlobalSection
	GlobalSection(ExtensibilityGlobals) = postSolution
		SolutionGuid = {8412ABAF-A42B-4A44-A004-01D9E04BE79E}
	EndGlobalSection
EndGlobal
