
Microsoft Visual Studio Solution File, Format Version 12.00
# Visual Studio 15
VisualStudioVersion = 15.0.28010.2046
MinimumVisualStudioVersion = 10.0.40219.1
Project("{FAE04EC0-301F-11D3-BF4B-00C04F79EFBC}") = "Common", "Common\Common.csproj", "{F8610AF9-A7C5-441F-9123-584CAB17ADA6}"
EndProject
Project("{FAE04EC0-301F-11D3-BF4B-00C04F79EFBC}") = "Test", "Test\Test.csproj", "{CBC10ECC-87E4-42FA-9D38-18E70CC2FE64}"
EndProject
Project("{FAE04EC0-301F-11D3-BF4B-00C04F79EFBC}") = "Service", "Service\Service.csproj", "{07AD8B1F-1FB9-435F-B953-4B15CB7573F4}"
EndProject
Project("{FAE04EC0-301F-11D3-BF4B-00C04F79EFBC}") = "ZSZAdminWeb", "ZSZAdminWeb\ZSZAdminWeb.csproj", "{9B60E7A8-8FAA-49FB-B9D5-A064F4D61F4C}"
EndProject
Project("{FAE04EC0-301F-11D3-BF4B-00C04F79EFBC}") = "ZSZFrontWeb", "ZSZFrontWeb\ZSZFrontWeb.csproj", "{7C2EE63D-C917-4869-AB87-B5BA2EFABC74}"
EndProject
Project("{FAE04EC0-301F-11D3-BF4B-00C04F79EFBC}") = "CommonMvc", "CommonMvc\CommonMvc.csproj", "{B8526E5C-8F2E-4F8B-B504-505BBDB1016B}"
EndProject
Project("{FAE04EC0-301F-11D3-BF4B-00C04F79EFBC}") = "DTO", "DTO\DTO.csproj", "{51F9E007-F317-4EB5-8967-EA795EE64D35}"
EndProject
Project("{FAE04EC0-301F-11D3-BF4B-00C04F79EFBC}") = "IService", "IService\IService.csproj", "{AAAD3EC0-C0A6-4749-AE28-9E5091423764}"
EndProject
Project("{FAE04EC0-301F-11D3-BF4B-00C04F79EFBC}") = "ServiceTest", "ServiceTest\ServiceTest.csproj", "{EBA8625E-CB2B-4666-872A-4BA13465B31B}"
EndProject
Global
	GlobalSection(SolutionConfigurationPlatforms) = preSolution
		Debug|Any CPU = Debug|Any CPU
		Release|Any CPU = Release|Any CPU
	EndGlobalSection
	GlobalSection(ProjectConfigurationPlatforms) = postSolution
		{F8610AF9-A7C5-441F-9123-584CAB17ADA6}.Debug|Any CPU.ActiveCfg = Debug|Any CPU
		{F8610AF9-A7C5-441F-9123-584CAB17ADA6}.Debug|Any CPU.Build.0 = Debug|Any CPU
		{F8610AF9-A7C5-441F-9123-584CAB17ADA6}.Release|Any CPU.ActiveCfg = Release|Any CPU
		{F8610AF9-A7C5-441F-9123-584CAB17ADA6}.Release|Any CPU.Build.0 = Release|Any CPU
		{CBC10ECC-87E4-42FA-9D38-18E70CC2FE64}.Debug|Any CPU.ActiveCfg = Debug|Any CPU
		{CBC10ECC-87E4-42FA-9D38-18E70CC2FE64}.Debug|Any CPU.Build.0 = Debug|Any CPU
		{CBC10ECC-87E4-42FA-9D38-18E70CC2FE64}.Release|Any CPU.ActiveCfg = Release|Any CPU
		{CBC10ECC-87E4-42FA-9D38-18E70CC2FE64}.Release|Any CPU.Build.0 = Release|Any CPU
		{07AD8B1F-1FB9-435F-B953-4B15CB7573F4}.Debug|Any CPU.ActiveCfg = Debug|Any CPU
		{07AD8B1F-1FB9-435F-B953-4B15CB7573F4}.Debug|Any CPU.Build.0 = Debug|Any CPU
		{07AD8B1F-1FB9-435F-B953-4B15CB7573F4}.Release|Any CPU.ActiveCfg = Release|Any CPU
		{07AD8B1F-1FB9-435F-B953-4B15CB7573F4}.Release|Any CPU.Build.0 = Release|Any CPU
		{9B60E7A8-8FAA-49FB-B9D5-A064F4D61F4C}.Debug|Any CPU.ActiveCfg = Debug|Any CPU
		{9B60E7A8-8FAA-49FB-B9D5-A064F4D61F4C}.Debug|Any CPU.Build.0 = Debug|Any CPU
		{9B60E7A8-8FAA-49FB-B9D5-A064F4D61F4C}.Release|Any CPU.ActiveCfg = Release|Any CPU
		{9B60E7A8-8FAA-49FB-B9D5-A064F4D61F4C}.Release|Any CPU.Build.0 = Release|Any CPU
		{7C2EE63D-C917-4869-AB87-B5BA2EFABC74}.Debug|Any CPU.ActiveCfg = Debug|Any CPU
		{7C2EE63D-C917-4869-AB87-B5BA2EFABC74}.Debug|Any CPU.Build.0 = Debug|Any CPU
		{7C2EE63D-C917-4869-AB87-B5BA2EFABC74}.Release|Any CPU.ActiveCfg = Release|Any CPU
		{7C2EE63D-C917-4869-AB87-B5BA2EFABC74}.Release|Any CPU.Build.0 = Release|Any CPU
		{B8526E5C-8F2E-4F8B-B504-505BBDB1016B}.Debug|Any CPU.ActiveCfg = Debug|Any CPU
		{B8526E5C-8F2E-4F8B-B504-505BBDB1016B}.Debug|Any CPU.Build.0 = Debug|Any CPU
		{B8526E5C-8F2E-4F8B-B504-505BBDB1016B}.Release|Any CPU.ActiveCfg = Release|Any CPU
		{B8526E5C-8F2E-4F8B-B504-505BBDB1016B}.Release|Any CPU.Build.0 = Release|Any CPU
		{51F9E007-F317-4EB5-8967-EA795EE64D35}.Debug|Any CPU.ActiveCfg = Debug|Any CPU
		{51F9E007-F317-4EB5-8967-EA795EE64D35}.Debug|Any CPU.Build.0 = Debug|Any CPU
		{51F9E007-F317-4EB5-8967-EA795EE64D35}.Release|Any CPU.ActiveCfg = Release|Any CPU
		{51F9E007-F317-4EB5-8967-EA795EE64D35}.Release|Any CPU.Build.0 = Release|Any CPU
		{AAAD3EC0-C0A6-4749-AE28-9E5091423764}.Debug|Any CPU.ActiveCfg = Debug|Any CPU
		{AAAD3EC0-C0A6-4749-AE28-9E5091423764}.Debug|Any CPU.Build.0 = Debug|Any CPU
		{AAAD3EC0-C0A6-4749-AE28-9E5091423764}.Release|Any CPU.ActiveCfg = Release|Any CPU
		{AAAD3EC0-C0A6-4749-AE28-9E5091423764}.Release|Any CPU.Build.0 = Release|Any CPU
		{EBA8625E-CB2B-4666-872A-4BA13465B31B}.Debug|Any CPU.ActiveCfg = Debug|Any CPU
		{EBA8625E-CB2B-4666-872A-4BA13465B31B}.Debug|Any CPU.Build.0 = Debug|Any CPU
		{EBA8625E-CB2B-4666-872A-4BA13465B31B}.Release|Any CPU.ActiveCfg = Release|Any CPU
		{EBA8625E-CB2B-4666-872A-4BA13465B31B}.Release|Any CPU.Build.0 = Release|Any CPU
	EndGlobalSection
	GlobalSection(SolutionProperties) = preSolution
		HideSolutionNode = FALSE
	EndGlobalSection
	GlobalSection(ExtensibilityGlobals) = postSolution
		SolutionGuid = {8412ABAF-A42B-4A44-A004-01D9E04BE79E}
	EndGlobalSection
EndGlobal
